
Microsoft Visual Studio Solution File, Format Version 12.00
# Visual Studio 2012
Project("{FAE04EC0-301F-11D3-BF4B-00C04F79EFBC}") = "MyAnimeListAPI", "MyAnimeListAPI\MyAnimeListAPI.csproj", "{826BBFE1-05A1-4BE8-B7E1-F84F9DF64299}"
EndProject
Project("{FAE04EC0-301F-11D3-BF4B-00C04F79EFBC}") = "MyAnimeListAPI.Tests", "MyAnimeListAPI.Tests\MyAnimeListAPI.Tests.csproj", "{B8390764-152C-45C5-A6EC-F465BE71DD20}"
EndProject
Global
	GlobalSection(SolutionConfigurationPlatforms) = preSolution
		Debug|Any CPU = Debug|Any CPU
		Release|Any CPU = Release|Any CPU
	EndGlobalSection
	GlobalSection(ProjectConfigurationPlatforms) = postSolution
		{826BBFE1-05A1-4BE8-B7E1-F84F9DF64299}.Debug|Any CPU.ActiveCfg = Debug|Any CPU
		{826BBFE1-05A1-4BE8-B7E1-F84F9DF64299}.Debug|Any CPU.Build.0 = Debug|Any CPU
		{826BBFE1-05A1-4BE8-B7E1-F84F9DF64299}.Release|Any CPU.ActiveCfg = Release|Any CPU
		{826BBFE1-05A1-4BE8-B7E1-F84F9DF64299}.Release|Any CPU.Build.0 = Release|Any CPU
		{B8390764-152C-45C5-A6EC-F465BE71DD20}.Debug|Any CPU.ActiveCfg = Debug|Any CPU
		{B8390764-152C-45C5-A6EC-F465BE71DD20}.Debug|Any CPU.Build.0 = Debug|Any CPU
		{B8390764-152C-45C5-A6EC-F465BE71DD20}.Release|Any CPU.ActiveCfg = Release|Any CPU
		{B8390764-152C-45C5-A6EC-F465BE71DD20}.Release|Any CPU.Build.0 = Release|Any CPU
	EndGlobalSection
	GlobalSection(SolutionProperties) = preSolution
		HideSolutionNode = FALSE
	EndGlobalSection
EndGlobal
